{
  "name": "backend",
  "lockfileVersion": 3,
  "requires": true,
  "packages": {
    "": {
      "dependencies": {
        "rdkit": "^0.5.1"
      }
    },
    "node_modules/rdkit": {
      "version": "0.5.1",
      "resolved": "https://registry.npmmirror.com/rdkit/-/rdkit-0.5.1.tgz",
      "integrity": "sha512-sGU2ma6oFOhVE/7Ci9ERYSaupDLSd+IuRJMOJxbUXLuGFxPFZER+2Icfx6EaBD3werMkTbqMHk7RoXmZoFaWSA==",
      "license": "BSD-3-Clause"
    }
  }
}
